
Microsoft Visual Studio Solution File, Format Version 12.00
# Visual Studio Version 16
VisualStudioVersion = 16.0.32407.337
MinimumVisualStudioVersion = 10.0.40219.1
Project("{9A19103F-16F7-4668-BE54-9A1E7A4F7556}") = "RegistrationProject", "Registration\RegistrationProject.csproj", "{ACA414A2-DD5E-4DA4-98A8-6FCDDA534BD8}"
EndProject
Global
	GlobalSection(SolutionConfigurationPlatforms) = preSolution
		Debug|Any CPU = Debug|Any CPU
		Release|Any CPU = Release|Any CPU
	EndGlobalSection
	GlobalSection(ProjectConfigurationPlatforms) = postSolution
		{ACA414A2-DD5E-4DA4-98A8-6FCDDA534BD8}.Debug|Any CPU.ActiveCfg = Debug|Any CPU
		{ACA414A2-DD5E-4DA4-98A8-6FCDDA534BD8}.Debug|Any CPU.Build.0 = Debug|Any CPU
		{ACA414A2-DD5E-4DA4-98A8-6FCDDA534BD8}.Release|Any CPU.ActiveCfg = Release|Any CPU
		{ACA414A2-DD5E-4DA4-98A8-6FCDDA534BD8}.Release|Any CPU.Build.0 = Release|Any CPU
	EndGlobalSection
	GlobalSection(SolutionProperties) = preSolution
		HideSolutionNode = FALSE
	EndGlobalSection
	GlobalSection(ExtensibilityGlobals) = postSolution
		SolutionGuid = {049F1026-F75E-4EFE-9BAF-7EB3E4826851}
	EndGlobalSection
EndGlobal
